
Microsoft Visual Studio Solution File, Format Version 12.00
# Visual Studio 15
VisualStudioVersion = 15.0.27703.2042
MinimumVisualStudioVersion = 10.0.40219.1
Project("{2150E333-8FDC-42A3-9474-1A3956D46DE8}") = "01 数据实体", "01 数据实体", "{BBAA02CC-6A0A-4CF3-98D5-68FCC3A61BA7}"
EndProject
Project("{2150E333-8FDC-42A3-9474-1A3956D46DE8}") = "03 业务逻辑", "03 业务逻辑", "{9688716C-11F2-461A-901B-424FF37E8F22}"
EndProject
Project("{2150E333-8FDC-42A3-9474-1A3956D46DE8}") = "06 调度任务", "06 调度任务", "{BC611CEA-6841-4DAD-B7FD-8074796635C8}"
EndProject
Project("{2150E333-8FDC-42A3-9474-1A3956D46DE8}") = "05 消息服务", "05 消息服务", "{EEA4D4CC-0448-4B75-BDFF-749F93EBB2D7}"
EndProject
Project("{FAE04EC0-301F-11D3-BF4B-00C04F79EFBC}") = "Max.Web.Management", "Max.Web.Management\Max.Web.Management.csproj", "{50B531A2-E5F4-4063-990F-0738185E62A8}"
EndProject
Project("{FAE04EC0-301F-11D3-BF4B-00C04F79EFBC}") = "Max.Service.Auth", "Max.Service.Auth\Max.Service.Auth.csproj", "{A928AC0E-01CD-4FC7-A21D-468971203AB8}"
EndProject
Project("{FAE04EC0-301F-11D3-BF4B-00C04F79EFBC}") = "Max.Models.System", "Max.Models.System\Max.Models.System.csproj", "{888E5CD2-E331-4370-86A9-F445AC3185E0}"
EndProject
Project("{FAE04EC0-301F-11D3-BF4B-00C04F79EFBC}") = "Max.Web.ApiGateway", "Max.Web.ApiGateway\Max.Web.ApiGateway.csproj", "{8EBA9C96-A1D5-4775-B1EE-77C837F9D7AC}"
EndProject
Project("{2150E333-8FDC-42A3-9474-1A3956D46DE8}") = "04 消息实体", "04 消息实体", "{CCBF854A-3101-46D5-9E25-4CCE17365130}"
EndProject
Project("{FAE04EC0-301F-11D3-BF4B-00C04F79EFBC}") = "Max.BUS.ApiLog", "Max.BUS.ApiLog\Max.BUS.ApiLog.csproj", "{9C086DD0-0862-48E9-8106-6AD05589302E}"
EndProject
Project("{FAE04EC0-301F-11D3-BF4B-00C04F79EFBC}") = "Max.BUS.Message", "Max.BUS.Message\Max.BUS.Message.csproj", "{93BF893D-0AD5-4EB7-A290-C9A746C80EE9}"
EndProject
Project("{FAE04EC0-301F-11D3-BF4B-00C04F79EFBC}") = "Max.Web.Presentation", "Max.Web.Presentation\Max.Web.Presentation.csproj", "{00CE16B3-754A-4984-8063-63DCD54140DC}"
EndProject
Project("{FAE04EC0-301F-11D3-BF4B-00C04F79EFBC}") = "Max.Web.PayApi", "Max.Web.PayApi\Max.Web.PayApi.csproj", "{790771EF-B7AA-47A9-ADA1-C9F4CF94EF14}"
EndProject
Project("{2150E333-8FDC-42A3-9474-1A3956D46DE8}") = "07 单元测试", "07 单元测试", "{3D157A19-F077-4FAE-B28E-BF58F87EDE80}"
EndProject
Project("{FAE04EC0-301F-11D3-BF4B-00C04F79EFBC}") = "Max.Service.Payment", "Max.Service.Payment\Max.Service.Payment.csproj", "{63EB3AFC-8C88-4E48-8E27-E7E112FAF8D0}"
EndProject
Project("{FAE04EC0-301F-11D3-BF4B-00C04F79EFBC}") = "Max.Models.Payment", "Max.Models.Payment\Max.Models.Payment.csproj", "{A9FCC92C-154E-469E-9F7D-683FF421C9CD}"
EndProject
Project("{FAE04EC0-301F-11D3-BF4B-00C04F79EFBC}") = "Max.Job.Payment", "Max.Job.Payment\Max.Job.Payment.csproj", "{62F73C47-9C1F-4F04-A359-4105F4CD5D37}"
EndProject
Project("{2150E333-8FDC-42A3-9474-1A3956D46DE8}") = "02 缓存服务", "02 缓存服务", "{6560CE91-2507-4E68-B9D1-95F69FDDAF03}"
EndProject
Project("{FAE04EC0-301F-11D3-BF4B-00C04F79EFBC}") = "Max.BUS.PaymentLog", "Max.BUS.PaymentLog\Max.BUS.PaymentLog.csproj", "{A550DDD7-39A5-4633-9353-EC0C77166931}"
EndProject
Project("{2150E333-8FDC-42A3-9474-1A3956D46DE8}") = "08 组件工具", "08 组件工具", "{E4C6EF40-2A59-42A0-BCFE-71BA1D27D032}"
EndProject
Project("{FAE04EC0-301F-11D3-BF4B-00C04F79EFBC}") = "Max.Common.Utils", "Max.Common.Utils\Max.Common.Utils.csproj", "{B2598D15-347F-4BBE-9E9C-F3ED70A7485B}"
EndProject
Project("{FAE04EC0-301F-11D3-BF4B-00C04F79EFBC}") = "Max.Job.Mongo", "Max.Job.Mongo\Max.Job.Mongo.csproj", "{65AD80E7-AF90-4DE0-AD8F-E66504EC9CE0}"
EndProject
Project("{FAE04EC0-301F-11D3-BF4B-00C04F79EFBC}") = "Max.Web.ApiGatewayTest", "Max.Web.ApiGatewayTest\Max.Web.ApiGatewayTest.csproj", "{E9863409-365E-46EE-A5A6-5A1BC095441B}"
EndProject
Global
	GlobalSection(SolutionConfigurationPlatforms) = preSolution
		Debug|Any CPU = Debug|Any CPU
		Release|Any CPU = Release|Any CPU
	EndGlobalSection
	GlobalSection(ProjectConfigurationPlatforms) = postSolution
		{50B531A2-E5F4-4063-990F-0738185E62A8}.Debug|Any CPU.ActiveCfg = Debug|Any CPU
		{50B531A2-E5F4-4063-990F-0738185E62A8}.Debug|Any CPU.Build.0 = Debug|Any CPU
		{50B531A2-E5F4-4063-990F-0738185E62A8}.Release|Any CPU.ActiveCfg = Release|Any CPU
		{50B531A2-E5F4-4063-990F-0738185E62A8}.Release|Any CPU.Build.0 = Release|Any CPU
		{A928AC0E-01CD-4FC7-A21D-468971203AB8}.Debug|Any CPU.ActiveCfg = Debug|Any CPU
		{A928AC0E-01CD-4FC7-A21D-468971203AB8}.Debug|Any CPU.Build.0 = Debug|Any CPU
		{A928AC0E-01CD-4FC7-A21D-468971203AB8}.Release|Any CPU.ActiveCfg = Release|Any CPU
		{A928AC0E-01CD-4FC7-A21D-468971203AB8}.Release|Any CPU.Build.0 = Release|Any CPU
		{888E5CD2-E331-4370-86A9-F445AC3185E0}.Debug|Any CPU.ActiveCfg = Debug|Any CPU
		{888E5CD2-E331-4370-86A9-F445AC3185E0}.Debug|Any CPU.Build.0 = Debug|Any CPU
		{888E5CD2-E331-4370-86A9-F445AC3185E0}.Release|Any CPU.ActiveCfg = Release|Any CPU
		{888E5CD2-E331-4370-86A9-F445AC3185E0}.Release|Any CPU.Build.0 = Release|Any CPU
		{8EBA9C96-A1D5-4775-B1EE-77C837F9D7AC}.Debug|Any CPU.ActiveCfg = Debug|Any CPU
		{8EBA9C96-A1D5-4775-B1EE-77C837F9D7AC}.Debug|Any CPU.Build.0 = Debug|Any CPU
		{8EBA9C96-A1D5-4775-B1EE-77C837F9D7AC}.Release|Any CPU.ActiveCfg = Release|Any CPU
		{8EBA9C96-A1D5-4775-B1EE-77C837F9D7AC}.Release|Any CPU.Build.0 = Release|Any CPU
		{9C086DD0-0862-48E9-8106-6AD05589302E}.Debug|Any CPU.ActiveCfg = Debug|Any CPU
		{9C086DD0-0862-48E9-8106-6AD05589302E}.Debug|Any CPU.Build.0 = Debug|Any CPU
		{9C086DD0-0862-48E9-8106-6AD05589302E}.Release|Any CPU.ActiveCfg = Release|Any CPU
		{9C086DD0-0862-48E9-8106-6AD05589302E}.Release|Any CPU.Build.0 = Release|Any CPU
		{93BF893D-0AD5-4EB7-A290-C9A746C80EE9}.Debug|Any CPU.ActiveCfg = Debug|Any CPU
		{93BF893D-0AD5-4EB7-A290-C9A746C80EE9}.Debug|Any CPU.Build.0 = Debug|Any CPU
		{93BF893D-0AD5-4EB7-A290-C9A746C80EE9}.Release|Any CPU.ActiveCfg = Release|Any CPU
		{93BF893D-0AD5-4EB7-A290-C9A746C80EE9}.Release|Any CPU.Build.0 = Release|Any CPU
		{00CE16B3-754A-4984-8063-63DCD54140DC}.Debug|Any CPU.ActiveCfg = Debug|Any CPU
		{00CE16B3-754A-4984-8063-63DCD54140DC}.Debug|Any CPU.Build.0 = Debug|Any CPU
		{00CE16B3-754A-4984-8063-63DCD54140DC}.Release|Any CPU.ActiveCfg = Release|Any CPU
		{00CE16B3-754A-4984-8063-63DCD54140DC}.Release|Any CPU.Build.0 = Release|Any CPU
		{790771EF-B7AA-47A9-ADA1-C9F4CF94EF14}.Debug|Any CPU.ActiveCfg = Debug|Any CPU
		{790771EF-B7AA-47A9-ADA1-C9F4CF94EF14}.Debug|Any CPU.Build.0 = Debug|Any CPU
		{790771EF-B7AA-47A9-ADA1-C9F4CF94EF14}.Release|Any CPU.ActiveCfg = Release|Any CPU
		{790771EF-B7AA-47A9-ADA1-C9F4CF94EF14}.Release|Any CPU.Build.0 = Release|Any CPU
		{63EB3AFC-8C88-4E48-8E27-E7E112FAF8D0}.Debug|Any CPU.ActiveCfg = Debug|Any CPU
		{63EB3AFC-8C88-4E48-8E27-E7E112FAF8D0}.Debug|Any CPU.Build.0 = Debug|Any CPU
		{63EB3AFC-8C88-4E48-8E27-E7E112FAF8D0}.Release|Any CPU.ActiveCfg = Release|Any CPU
		{63EB3AFC-8C88-4E48-8E27-E7E112FAF8D0}.Release|Any CPU.Build.0 = Release|Any CPU
		{A9FCC92C-154E-469E-9F7D-683FF421C9CD}.Debug|Any CPU.ActiveCfg = Debug|Any CPU
		{A9FCC92C-154E-469E-9F7D-683FF421C9CD}.Debug|Any CPU.Build.0 = Debug|Any CPU
		{A9FCC92C-154E-469E-9F7D-683FF421C9CD}.Release|Any CPU.ActiveCfg = Release|Any CPU
		{A9FCC92C-154E-469E-9F7D-683FF421C9CD}.Release|Any CPU.Build.0 = Release|Any CPU
		{62F73C47-9C1F-4F04-A359-4105F4CD5D37}.Debug|Any CPU.ActiveCfg = Debug|Any CPU
		{62F73C47-9C1F-4F04-A359-4105F4CD5D37}.Debug|Any CPU.Build.0 = Debug|Any CPU
		{62F73C47-9C1F-4F04-A359-4105F4CD5D37}.Release|Any CPU.ActiveCfg = Release|Any CPU
		{62F73C47-9C1F-4F04-A359-4105F4CD5D37}.Release|Any CPU.Build.0 = Release|Any CPU
		{A550DDD7-39A5-4633-9353-EC0C77166931}.Debug|Any CPU.ActiveCfg = Debug|Any CPU
		{A550DDD7-39A5-4633-9353-EC0C77166931}.Debug|Any CPU.Build.0 = Debug|Any CPU
		{A550DDD7-39A5-4633-9353-EC0C77166931}.Release|Any CPU.ActiveCfg = Release|Any CPU
		{A550DDD7-39A5-4633-9353-EC0C77166931}.Release|Any CPU.Build.0 = Release|Any CPU
		{B2598D15-347F-4BBE-9E9C-F3ED70A7485B}.Debug|Any CPU.ActiveCfg = Debug|Any CPU
		{B2598D15-347F-4BBE-9E9C-F3ED70A7485B}.Debug|Any CPU.Build.0 = Debug|Any CPU
		{B2598D15-347F-4BBE-9E9C-F3ED70A7485B}.Release|Any CPU.ActiveCfg = Release|Any CPU
		{B2598D15-347F-4BBE-9E9C-F3ED70A7485B}.Release|Any CPU.Build.0 = Release|Any CPU
		{65AD80E7-AF90-4DE0-AD8F-E66504EC9CE0}.Debug|Any CPU.ActiveCfg = Debug|Any CPU
		{65AD80E7-AF90-4DE0-AD8F-E66504EC9CE0}.Debug|Any CPU.Build.0 = Debug|Any CPU
		{65AD80E7-AF90-4DE0-AD8F-E66504EC9CE0}.Release|Any CPU.ActiveCfg = Release|Any CPU
		{65AD80E7-AF90-4DE0-AD8F-E66504EC9CE0}.Release|Any CPU.Build.0 = Release|Any CPU
		{E9863409-365E-46EE-A5A6-5A1BC095441B}.Debug|Any CPU.ActiveCfg = Debug|Any CPU
		{E9863409-365E-46EE-A5A6-5A1BC095441B}.Debug|Any CPU.Build.0 = Debug|Any CPU
		{E9863409-365E-46EE-A5A6-5A1BC095441B}.Release|Any CPU.ActiveCfg = Release|Any CPU
		{E9863409-365E-46EE-A5A6-5A1BC095441B}.Release|Any CPU.Build.0 = Release|Any CPU
	EndGlobalSection
	GlobalSection(SolutionProperties) = preSolution
		HideSolutionNode = FALSE
	EndGlobalSection
	GlobalSection(NestedProjects) = preSolution
		{A928AC0E-01CD-4FC7-A21D-468971203AB8} = {9688716C-11F2-461A-901B-424FF37E8F22}
		{888E5CD2-E331-4370-86A9-F445AC3185E0} = {BBAA02CC-6A0A-4CF3-98D5-68FCC3A61BA7}
		{9C086DD0-0862-48E9-8106-6AD05589302E} = {EEA4D4CC-0448-4B75-BDFF-749F93EBB2D7}
		{93BF893D-0AD5-4EB7-A290-C9A746C80EE9} = {CCBF854A-3101-46D5-9E25-4CCE17365130}
		{63EB3AFC-8C88-4E48-8E27-E7E112FAF8D0} = {9688716C-11F2-461A-901B-424FF37E8F22}
		{A9FCC92C-154E-469E-9F7D-683FF421C9CD} = {BBAA02CC-6A0A-4CF3-98D5-68FCC3A61BA7}
		{62F73C47-9C1F-4F04-A359-4105F4CD5D37} = {BC611CEA-6841-4DAD-B7FD-8074796635C8}
		{A550DDD7-39A5-4633-9353-EC0C77166931} = {EEA4D4CC-0448-4B75-BDFF-749F93EBB2D7}
		{B2598D15-347F-4BBE-9E9C-F3ED70A7485B} = {E4C6EF40-2A59-42A0-BCFE-71BA1D27D032}
		{65AD80E7-AF90-4DE0-AD8F-E66504EC9CE0} = {BC611CEA-6841-4DAD-B7FD-8074796635C8}
		{E9863409-365E-46EE-A5A6-5A1BC095441B} = {3D157A19-F077-4FAE-B28E-BF58F87EDE80}
	EndGlobalSection
	GlobalSection(ExtensibilityGlobals) = postSolution
		SolutionGuid = {9A0E1896-7A38-47DB-8D56-5CD9C5AB4F69}
	EndGlobalSection
	GlobalSection(SubversionScc) = preSolution
		Svn-Managed = True
		Manager = AnkhSVN - Subversion Support for Visual Studio
	EndGlobalSection
EndGlobal
